
Microsoft Visual Studio Solution File, Format Version 12.00
# Visual Studio Version 17
VisualStudioVersion = 17.14.36401.2 d17.14
MinimumVisualStudioVersion = 10.0.40219.1
Project("{FAE04EC0-301F-11D3-BF4B-00C04F79EFBC}") = "ViconPOS", "ViconPOS\ViconPOS.csproj", "{9018EE44-7C70-4F28-959F-8D7BF28DE527}"
EndProject
Global
	GlobalSection(SolutionConfigurationPlatforms) = preSolution
		Debug|Any CPU = Debug|Any CPU
		Release|Any CPU = Release|Any CPU
	EndGlobalSection
	GlobalSection(ProjectConfigurationPlatforms) = postSolution
		{9018EE44-7C70-4F28-959F-8D7BF28DE527}.Debug|Any CPU.ActiveCfg = Debug|Any CPU
		{9018EE44-7C70-4F28-959F-8D7BF28DE527}.Debug|Any CPU.Build.0 = Debug|Any CPU
		{9018EE44-7C70-4F28-959F-8D7BF28DE527}.Release|Any CPU.ActiveCfg = Release|Any CPU
		{9018EE44-7C70-4F28-959F-8D7BF28DE527}.Release|Any CPU.Build.0 = Release|Any CPU
	EndGlobalSection
	GlobalSection(SolutionProperties) = preSolution
		HideSolutionNode = FALSE
	EndGlobalSection
	GlobalSection(ExtensibilityGlobals) = postSolution
		SolutionGuid = {71DE03DF-6D04-4051-A91E-D94544FCF452}
	EndGlobalSection
EndGlobal
